
Microsoft Visual Studio Solution File, Format Version 12.00
# Visual Studio Version 16
VisualStudioVersion = 16.0.31624.102
MinimumVisualStudioVersion = 10.0.40219.1
Project("{FAE04EC0-301F-11D3-BF4B-00C04F79EFBC}") = "1ЛабаДискрВояжСшарп", "1ЛабаДискрВояжСшарп.csproj", "{45F621C1-5073-4E9B-B988-8F210ECC9234}"
EndProject
Global
	GlobalSection(SolutionConfigurationPlatforms) = preSolution
		Debug|Any CPU = Debug|Any CPU
		Release|Any CPU = Release|Any CPU
	EndGlobalSection
	GlobalSection(ProjectConfigurationPlatforms) = postSolution
		{45F621C1-5073-4E9B-B988-8F210ECC9234}.Debug|Any CPU.ActiveCfg = Debug|Any CPU
		{45F621C1-5073-4E9B-B988-8F210ECC9234}.Debug|Any CPU.Build.0 = Debug|Any CPU
		{45F621C1-5073-4E9B-B988-8F210ECC9234}.Release|Any CPU.ActiveCfg = Release|Any CPU
		{45F621C1-5073-4E9B-B988-8F210ECC9234}.Release|Any CPU.Build.0 = Release|Any CPU
	EndGlobalSection
	GlobalSection(SolutionProperties) = preSolution
		HideSolutionNode = FALSE
	EndGlobalSection
	GlobalSection(ExtensibilityGlobals) = postSolution
		SolutionGuid = {3A0B1084-292B-4F2D-88BE-FA7632D46AE3}
	EndGlobalSection
EndGlobal
