
Microsoft Visual Studio Solution File, Format Version 12.00
# Visual Studio Version 16
VisualStudioVersion = 16.0.31702.278
MinimumVisualStudioVersion = 10.0.40219.1
Project("{FAE04EC0-301F-11D3-BF4B-00C04F79EFBC}") = "2ЛабаАлгоритмыШарпКонсоль", "2ЛабаАлгоритмыШарпКонсоль.csproj", "{DF6E7E84-D321-4DAA-B339-C9C7C9551F08}"
EndProject
Global
	GlobalSection(SolutionConfigurationPlatforms) = preSolution
		Debug|Any CPU = Debug|Any CPU
		Release|Any CPU = Release|Any CPU
	EndGlobalSection
	GlobalSection(ProjectConfigurationPlatforms) = postSolution
		{DF6E7E84-D321-4DAA-B339-C9C7C9551F08}.Debug|Any CPU.ActiveCfg = Debug|Any CPU
		{DF6E7E84-D321-4DAA-B339-C9C7C9551F08}.Debug|Any CPU.Build.0 = Debug|Any CPU
		{DF6E7E84-D321-4DAA-B339-C9C7C9551F08}.Release|Any CPU.ActiveCfg = Release|Any CPU
		{DF6E7E84-D321-4DAA-B339-C9C7C9551F08}.Release|Any CPU.Build.0 = Release|Any CPU
	EndGlobalSection
	GlobalSection(SolutionProperties) = preSolution
		HideSolutionNode = FALSE
	EndGlobalSection
	GlobalSection(ExtensibilityGlobals) = postSolution
		SolutionGuid = {4A401775-3751-4934-BE0E-4D1ADB21448D}
	EndGlobalSection
EndGlobal
